# This file was autogenerated by Stack.
# You should not edit this file by hand.
# For more information, please see the documentation at:
#   https://docs.haskellstack.org/en/stable/lock_files

packages:
- completed:
    hackage: duckling-0.2.0.0@sha256:84becd4e48ee3676cdd6fe5745a77ee60e365ea730cd759610c8a7738f3eb4a6,60543
    pantry-tree:
      size: 74021
      sha256: e3d7464dc3b30bc64787288cdff3fd4b53fde8a3829d0ee0e62f3b8a37ba28b3
  original:
    hackage: duckling-0.2.0.0@sha256:84becd4e48ee3676cdd6fe5745a77ee60e365ea730cd759610c8a7738f3eb4a6,60543
snapshots:
- completed:
    size: 587546
    url: https://raw.githubusercontent.com/commercialhaskell/stackage-snapshots/master/lts/18/10.yaml
    sha256: 88b4f81e162ba3adc230a9fcccc4d19ac116377656bab56c7382ca88598b257a
  original:
    url: https://raw.githubusercontent.com/commercialhaskell/stackage-snapshots/master/lts/18/10.yaml
